
Microsoft Visual Studio Solution File, Format Version 12.00
# Visual Studio 15
VisualStudioVersion = 15.0.28307.1062
MinimumVisualStudioVersion = 10.0.40219.1
Project("{E24C65DC-7377-472B-9ABA-BC803B73C61A}") = "Hora Servidor", "Hora Servidor\", "{404F312D-F3A7-4763-93F8-D0565E1A1C39}"
	ProjectSection(WebsiteProperties) = preProject
		TargetFrameworkMoniker = ".NETFramework,Version%3Dv4.6.1"
		Debug.AspNetCompiler.VirtualPath = "/localhost_56623"
		Debug.AspNetCompiler.PhysicalPath = "Hora Servidor\"
		Debug.AspNetCompiler.TargetPath = "PrecompiledWeb\localhost_56623\"
		Debug.AspNetCompiler.Updateable = "true"
		Debug.AspNetCompiler.ForceOverwrite = "true"
		Debug.AspNetCompiler.FixedNames = "false"
		Debug.AspNetCompiler.Debug = "True"
		Release.AspNetCompiler.VirtualPath = "/localhost_56623"
		Release.AspNetCompiler.PhysicalPath = "Hora Servidor\"
		Release.AspNetCompiler.TargetPath = "PrecompiledWeb\localhost_56623\"
		Release.AspNetCompiler.Updateable = "true"
		Release.AspNetCompiler.ForceOverwrite = "true"
		Release.AspNetCompiler.FixedNames = "false"
		Release.AspNetCompiler.Debug = "False"
		VWDPort = "56623"
		SlnRelativePath = "Hora Servidor\"
		DefaultWebSiteLanguage = "Visual C#"
	EndProjectSection
EndProject
Global
	GlobalSection(SolutionConfigurationPlatforms) = preSolution
		Debug|Any CPU = Debug|Any CPU
	EndGlobalSection
	GlobalSection(ProjectConfigurationPlatforms) = postSolution
		{404F312D-F3A7-4763-93F8-D0565E1A1C39}.Debug|Any CPU.ActiveCfg = Debug|Any CPU
		{404F312D-F3A7-4763-93F8-D0565E1A1C39}.Debug|Any CPU.Build.0 = Debug|Any CPU
	EndGlobalSection
	GlobalSection(SolutionProperties) = preSolution
		HideSolutionNode = FALSE
	EndGlobalSection
	GlobalSection(ExtensibilityGlobals) = postSolution
		SolutionGuid = {6D49B147-33BA-47EA-BB8F-598335273F0B}
	EndGlobalSection
EndGlobal
